
Microsoft Visual Studio Solution File, Format Version 12.00
# Visual Studio Version 17
VisualStudioVersion = 17.8.34316.72
MinimumVisualStudioVersion = 10.0.40219.1
Project("{9A19103F-16F7-4668-BE54-9A1E7A4F7556}") = "ChocolateFanClub", "ChocolateFanClub\ChocolateFanClub.csproj", "{2F670F11-439C-474E-89EE-544E81EDB113}"
EndProject
Project("{FAE04EC0-301F-11D3-BF4B-00C04F79EFBC}") = "ChocolateFanClub.Tests", "ChocolateFanClub.Tests\ChocolateFanClub.Tests.csproj", "{4F25CABF-8739-4867-AB3D-30B4037BB7E7}"
EndProject
Global
	GlobalSection(SolutionConfigurationPlatforms) = preSolution
		Debug|Any CPU = Debug|Any CPU
		Release|Any CPU = Release|Any CPU
	EndGlobalSection
	GlobalSection(ProjectConfigurationPlatforms) = postSolution
		{2F670F11-439C-474E-89EE-544E81EDB113}.Debug|Any CPU.ActiveCfg = Debug|Any CPU
		{2F670F11-439C-474E-89EE-544E81EDB113}.Debug|Any CPU.Build.0 = Debug|Any CPU
		{2F670F11-439C-474E-89EE-544E81EDB113}.Release|Any CPU.ActiveCfg = Release|Any CPU
		{2F670F11-439C-474E-89EE-544E81EDB113}.Release|Any CPU.Build.0 = Release|Any CPU
		{4F25CABF-8739-4867-AB3D-30B4037BB7E7}.Debug|Any CPU.ActiveCfg = Debug|Any CPU
		{4F25CABF-8739-4867-AB3D-30B4037BB7E7}.Debug|Any CPU.Build.0 = Debug|Any CPU
		{4F25CABF-8739-4867-AB3D-30B4037BB7E7}.Release|Any CPU.ActiveCfg = Release|Any CPU
		{4F25CABF-8739-4867-AB3D-30B4037BB7E7}.Release|Any CPU.Build.0 = Release|Any CPU
	EndGlobalSection
	GlobalSection(SolutionProperties) = preSolution
		HideSolutionNode = FALSE
	EndGlobalSection
	GlobalSection(ExtensibilityGlobals) = postSolution
		SolutionGuid = {3AD41336-08AD-4220-B578-EA42BA136934}
	EndGlobalSection
EndGlobal
